{
	"name": "poline",
	"lockfileVersion": 3,
	"requires": true,
	"packages": {
		"": {
			"dependencies": {
				"culori": "^4.0.1",
				"poline": "^0.7.0"
			}
		},
		"node_modules/culori": {
			"version": "4.0.1",
			"resolved": "https://registry.npmjs.org/culori/-/culori-4.0.1.tgz",
			"integrity": "sha512-LSnjA6HuIUOlkfKVbzi2OlToZE8OjFi667JWN9qNymXVXzGDmvuP60SSgC+e92sd7B7158f7Fy3Mb6rXS5EDPw==",
			"engines": {
				"node": "^12.20.0 || ^14.13.1 || >=16.0.0"
			}
		},
		"node_modules/poline": {
			"version": "0.7.0",
			"resolved": "https://registry.npmjs.org/poline/-/poline-0.7.0.tgz",
			"integrity": "sha512-ZLlkJKNmzRRARYyWLu8JuWolS23oKQP3FA7vrq9TB+R55bbb0Dfo3zyL69jMWddn88SFl88JWFYhtqe1TXOrEw=="
		}
	}
}
